// !$*UTF8*$!
{
	archiveVersion = 1;
	classes = {
	};
	objectVersion = 46;
	objects = {

/* Begin PBXBuildFile section */
		48216F231D2538E800720A6B /* WalletVC.swift in Sources */ = {isa = PBXBuildFile; fileRef = 48216F221D2538E800720A6B /* WalletVC.swift */; };
		48216F251D25390E00720A6B /* WalletView.xib in Resources */ = {isa = PBXBuildFile; fileRef = 48216F241D25390E00720A6B /* WalletView.xib */; };
		48216F281D25396200720A6B /* WalletView.swift in Sources */ = {isa = PBXBuildFile; fileRef = 48216F271D25396200720A6B /* WalletView.swift */; };
		48216F2C1D2540A600720A6B /* TopupVC.swift in Sources */ = {isa = PBXBuildFile; fileRef = 48216F2B1D2540A600720A6B /* TopupVC.swift */; };
		48216F2E1D2540B800720A6B /* TopupView.swift in Sources */ = {isa = PBXBuildFile; fileRef = 48216F2D1D2540B800720A6B /* TopupView.swift */; };
		48216F301D2540C300720A6B /* TopupView.xib in Resources */ = {isa = PBXBuildFile; fileRef = 48216F2F1D2540C300720A6B /* TopupView.xib */; };
		48216F341D254CC600720A6B /* DLRadioButton.m in Sources */ = {isa = PBXBuildFile; fileRef = 48216F331D254CC600720A6B /* DLRadioButton.m */; };
		48216F381D2607DC00720A6B /* PaymentCell.xib in Resources */ = {isa = PBXBuildFile; fileRef = 48216F371D2607DC00720A6B /* PaymentCell.xib */; };
		48216F3A1D2607F000720A6B /* PaymentCell.swift in Sources */ = {isa = PBXBuildFile; fileRef = 48216F391D2607F000720A6B /* PaymentCell.swift */; };
		48216F3C1D26080300720A6B /* PaymentListVC.swift in Sources */ = {isa = PBXBuildFile; fileRef = 48216F3B1D26080300720A6B /* PaymentListVC.swift */; };
		48216F3E1D260BE000720A6B /* BaseCell.swift in Sources */ = {isa = PBXBuildFile; fileRef = 48216F3D1D260BE000720A6B /* BaseCell.swift */; };
		48245FF81D22BBFA00D930A4 /* CarDetailVC.swift in Sources */ = {isa = PBXBuildFile; fileRef = 48245FF71D22BBFA00D930A4 /* CarDetailVC.swift */; };
		483248261D13EF4600C4EB9E /* AppDelegate.swift in Sources */ = {isa = PBXBuildFile; fileRef = 483248251D13EF4600C4EB9E /* AppDelegate.swift */; };
		4832482D1D13EF4600C4EB9E /* Assets.xcassets in Resources */ = {isa = PBXBuildFile; fileRef = 4832482C1D13EF4600C4EB9E /* Assets.xcassets */; };
		4832483B1D13EF4600C4EB9E /* QuanZaiTests.swift in Sources */ = {isa = PBXBuildFile; fileRef = 4832483A1D13EF4600C4EB9E /* QuanZaiTests.swift */; };
		483248471D13F29A00C4EB9E /* APIClient.swift in Sources */ = {isa = PBXBuildFile; fileRef = 483248461D13F29A00C4EB9E /* APIClient.swift */; };
		483248481D13F29A00C4EB9E /* APIClient.swift in Sources */ = {isa = PBXBuildFile; fileRef = 483248461D13F29A00C4EB9E /* APIClient.swift */; };
		4832484A1D141FFB00C4EB9E /* BaseModel.swift in Sources */ = {isa = PBXBuildFile; fileRef = 483248491D141FFA00C4EB9E /* BaseModel.swift */; };
		48422AE41D192478005A48D6 /* ServiceAPI.swift in Sources */ = {isa = PBXBuildFile; fileRef = 48422AE31D192478005A48D6 /* ServiceAPI.swift */; };
		48422AE61D1924F4005A48D6 /* Router.swift in Sources */ = {isa = PBXBuildFile; fileRef = 48422AE51D1924F4005A48D6 /* Router.swift */; };
		48422AF11D1958FA005A48D6 /* blue-point@2x.png in Resources */ = {isa = PBXBuildFile; fileRef = 48422AE91D1958FA005A48D6 /* blue-point@2x.png */; };
		48422AF31D1958FA005A48D6 /* btn-left@2x.png in Resources */ = {isa = PBXBuildFile; fileRef = 48422AEB1D1958FA005A48D6 /* btn-left@2x.png */; };
		48422AF41D1958FA005A48D6 /* btn-left2@2x.png in Resources */ = {isa = PBXBuildFile; fileRef = 48422AEC1D1958FA005A48D6 /* btn-left2@2x.png */; };
		48422AF51D1958FA005A48D6 /* btn-right@2x.png in Resources */ = {isa = PBXBuildFile; fileRef = 48422AED1D1958FA005A48D6 /* btn-right@2x.png */; };
		48422AF71D1958FA005A48D6 /* green-point@2x.png in Resources */ = {isa = PBXBuildFile; fileRef = 48422AEF1D1958FA005A48D6 /* green-point@2x.png */; };
		48422AF81D1958FA005A48D6 /* orange-point@2x.png in Resources */ = {isa = PBXBuildFile; fileRef = 48422AF01D1958FA005A48D6 /* orange-point@2x.png */; };
		48422AFA1D195DBF005A48D6 /* btn-center@2x.png in Resources */ = {isa = PBXBuildFile; fileRef = 48422AF91D195DBF005A48D6 /* btn-center@2x.png */; };
		48422B001D1979FF005A48D6 /* CarCell.swift in Sources */ = {isa = PBXBuildFile; fileRef = 48422AFF1D1979FF005A48D6 /* CarCell.swift */; };
		48422B061D1A8FC8005A48D6 /* LoginVC.swift in Sources */ = {isa = PBXBuildFile; fileRef = 48422B051D1A8FC7005A48D6 /* LoginVC.swift */; };
		48422B081D1A975C005A48D6 /* point@2x.png in Resources */ = {isa = PBXBuildFile; fileRef = 48422B071D1A975C005A48D6 /* point@2x.png */; };
		48422B0A1D1AA1FE005A48D6 /* btn-blue@2x.png in Resources */ = {isa = PBXBuildFile; fileRef = 48422B091D1AA1FE005A48D6 /* btn-blue@2x.png */; };
		487B96A71D17A80F00786DA9 /* bussiness-car@2x.png in Resources */ = {isa = PBXBuildFile; fileRef = 487B969A1D17A80F00786DA9 /* bussiness-car@2x.png */; };
		487B96A81D17A80F00786DA9 /* car@2x.png in Resources */ = {isa = PBXBuildFile; fileRef = 487B969B1D17A80F00786DA9 /* car@2x.png */; };
		487B96A91D17A80F00786DA9 /* close-btn@2x.png in Resources */ = {isa = PBXBuildFile; fileRef = 487B969C1D17A80F00786DA9 /* close-btn@2x.png */; };
		487B96AA1D17A80F00786DA9 /* elec-car@2x.png in Resources */ = {isa = PBXBuildFile; fileRef = 487B969D1D17A80F00786DA9 /* elec-car@2x.png */; };
		487B96AB1D17A80F00786DA9 /* luxury-car@2x.png in Resources */ = {isa = PBXBuildFile; fileRef = 487B969E1D17A80F00786DA9 /* luxury-car@2x.png */; };
		487B96AC1D17A80F00786DA9 /* menu-icon@2x.png in Resources */ = {isa = PBXBuildFile; fileRef = 487B969F1D17A80F00786DA9 /* menu-icon@2x.png */; };
		487B96AD1D17A80F00786DA9 /* plus@2x.png in Resources */ = {isa = PBXBuildFile; fileRef = 487B96A01D17A80F00786DA9 /* plus@2x.png */; };
		487B96AF1D17A80F00786DA9 /* tab-charge@2x.png in Resources */ = {isa = PBXBuildFile; fileRef = 487B96A21D17A80F00786DA9 /* tab-charge@2x.png */; };
		487B96B01D17A80F00786DA9 /* tab-lock@2x.png in Resources */ = {isa = PBXBuildFile; fileRef = 487B96A31D17A80F00786DA9 /* tab-lock@2x.png */; };
		487B96B11D17A80F00786DA9 /* tab-star@2x.png in Resources */ = {isa = PBXBuildFile; fileRef = 487B96A41D17A80F00786DA9 /* tab-star@2x.png */; };
		487B96B21D17A80F00786DA9 /* tab-unlock@2x.png in Resources */ = {isa = PBXBuildFile; fileRef = 487B96A51D17A80F00786DA9 /* tab-unlock@2x.png */; };
		487B96B31D17A80F00786DA9 /* title@2x.png in Resources */ = {isa = PBXBuildFile; fileRef = 487B96A61D17A80F00786DA9 /* title@2x.png */; };
		487B96B61D17AA1700786DA9 /* MenuVC.swift in Sources */ = {isa = PBXBuildFile; fileRef = 487B96B51D17AA1700786DA9 /* MenuVC.swift */; };
		487B96B81D17AB4800786DA9 /* HomeVC.swift in Sources */ = {isa = PBXBuildFile; fileRef = 487B96B71D17AB4800786DA9 /* HomeVC.swift */; };
		487B96BA1D17B49E00786DA9 /* swiftFastCode.swift in Sources */ = {isa = PBXBuildFile; fileRef = 487B96B91D17B49E00786DA9 /* swiftFastCode.swift */; };
		487B96D71D17C0EA00786DA9 /* KUIButton.m in Sources */ = {isa = PBXBuildFile; fileRef = 487B96C41D17C0EA00786DA9 /* KUIButton.m */; };
		487B96DB1D17C0EA00786DA9 /* UIButton+KAddition.m in Sources */ = {isa = PBXBuildFile; fileRef = 487B96CC1D17C0EA00786DA9 /* UIButton+KAddition.m */; };
		487B96DC1D17C0EA00786DA9 /* UIDevice+Hardware.m in Sources */ = {isa = PBXBuildFile; fileRef = 487B96CE1D17C0EA00786DA9 /* UIDevice+Hardware.m */; };
		487B96DD1D17C0EA00786DA9 /* UIImage+PL.m in Sources */ = {isa = PBXBuildFile; fileRef = 487B96D01D17C0EA00786DA9 /* UIImage+PL.m */; };
		487B96DE1D17C0EA00786DA9 /* UILabel+KAddition.m in Sources */ = {isa = PBXBuildFile; fileRef = 487B96D21D17C0EA00786DA9 /* UILabel+KAddition.m */; };
		487B96DF1D17C0EA00786DA9 /* UIView+KAddition.m in Sources */ = {isa = PBXBuildFile; fileRef = 487B96D41D17C0EA00786DA9 /* UIView+KAddition.m */; };
		487B96EE1D17C0F200786DA9 /* NSArray+Additions.m in Sources */ = {isa = PBXBuildFile; fileRef = 487B96E21D17C0F200786DA9 /* NSArray+Additions.m */; };
		487B96EF1D17C0F200786DA9 /* NSData+Additions.m in Sources */ = {isa = PBXBuildFile; fileRef = 487B96E41D17C0F200786DA9 /* NSData+Additions.m */; };
		487B96F01D17C0F200786DA9 /* NSDate+Utilities.m in Sources */ = {isa = PBXBuildFile; fileRef = 487B96E61D17C0F200786DA9 /* NSDate+Utilities.m */; settings = {COMPILER_FLAGS = "-Wno-deprecated-declarations"; }; };
		487B96F11D17C0F200786DA9 /* NSObject+Additions.m in Sources */ = {isa = PBXBuildFile; fileRef = 487B96E81D17C0F200786DA9 /* NSObject+Additions.m */; };
		487B96F21D17C0F200786DA9 /* NSString+Additions.m in Sources */ = {isa = PBXBuildFile; fileRef = 487B96EA1D17C0F200786DA9 /* NSString+Additions.m */; };
		487B96F31D17C0F200786DA9 /* README.txt in Resources */ = {isa = PBXBuildFile; fileRef = 487B96EB1D17C0F200786DA9 /* README.txt */; };
		487B96F41D17C0F200786DA9 /* Swizzle.c in Sources */ = {isa = PBXBuildFile; fileRef = 487B96EC1D17C0F200786DA9 /* Swizzle.c */; };
		487B96FC1D17E25900786DA9 /* MapVC.swift in Sources */ = {isa = PBXBuildFile; fileRef = 487B96FB1D17E25900786DA9 /* MapVC.swift */; };
		487B96FE1D17E26C00786DA9 /* BaseVC.swift in Sources */ = {isa = PBXBuildFile; fileRef = 487B96FD1D17E26C00786DA9 /* BaseVC.swift */; };
		488C64521D23E6DB00A5D55C /* VerifyCodeView.swift in Sources */ = {isa = PBXBuildFile; fileRef = 488C64511D23E6DB00A5D55C /* VerifyCodeView.swift */; };
		488C64541D23E6F000A5D55C /* VerifyCodeView.xib in Resources */ = {isa = PBXBuildFile; fileRef = 488C64531D23E6F000A5D55C /* VerifyCodeView.xib */; };
		488C64561D23E91300A5D55C /* Button.swift in Sources */ = {isa = PBXBuildFile; fileRef = 488C64551D23E91300A5D55C /* Button.swift */; };
		488C645A1D24CA5F00A5D55C /* OrderDetailVC.swift in Sources */ = {isa = PBXBuildFile; fileRef = 488C64591D24CA5F00A5D55C /* OrderDetailVC.swift */; };
		489DC31E1D1809120061033F /* TimeShareVC.swift in Sources */ = {isa = PBXBuildFile; fileRef = 489DC31D1D1809120061033F /* TimeShareVC.swift */; };
		489DC3201D180BB40061033F /* ActionBar.swift in Sources */ = {isa = PBXBuildFile; fileRef = 489DC31F1D180BB40061033F /* ActionBar.swift */; };
		489DC3221D18D45A0061033F /* UserModel.swift in Sources */ = {isa = PBXBuildFile; fileRef = 489DC3211D18D45A0061033F /* UserModel.swift */; };
		48ABF2AF1D212F2500C16525 /* OrderCell.swift in Sources */ = {isa = PBXBuildFile; fileRef = 48ABF2AE1D212F2500C16525 /* OrderCell.swift */; };
		48ABF2B31D212F6F00C16525 /* OrderCell.xib in Resources */ = {isa = PBXBuildFile; fileRef = 48ABF2B21D212F6F00C16525 /* OrderCell.xib */; };
		48ABF2B71D213D1600C16525 /* OrderListVC.swift in Sources */ = {isa = PBXBuildFile; fileRef = 48ABF2B61D213D1600C16525 /* OrderListVC.swift */; };
		48ABF2B91D22172900C16525 /* Label.swift in Sources */ = {isa = PBXBuildFile; fileRef = 48ABF2B81D22172900C16525 /* Label.swift */; };
		48ABF2BC1D222B5A00C16525 /* OrderDetailView.swift in Sources */ = {isa = PBXBuildFile; fileRef = 48ABF2BB1D222B5A00C16525 /* OrderDetailView.swift */; };
		48ABF2BE1D222B7100C16525 /* OrderDetailView.xib in Resources */ = {isa = PBXBuildFile; fileRef = 48ABF2BD1D222B7100C16525 /* OrderDetailView.xib */; };
		48ABF2C11D222F7F00C16525 /* CarDetailView.swift in Sources */ = {isa = PBXBuildFile; fileRef = 48ABF2C01D222F7F00C16525 /* CarDetailView.swift */; };
		48ABF2C31D222F8C00C16525 /* CarDetailView.xib in Resources */ = {isa = PBXBuildFile; fileRef = 48ABF2C21D222F8C00C16525 /* CarDetailView.xib */; };
		48ACFD9B1D2E22DC00341061 /* DateTypeModel.swift in Sources */ = {isa = PBXBuildFile; fileRef = 48ACFD9A1D2E22DC00341061 /* DateTypeModel.swift */; };
		48ACFD9D1D2E234D00341061 /* PriceModel.swift in Sources */ = {isa = PBXBuildFile; fileRef = 48ACFD9C1D2E234D00341061 /* PriceModel.swift */; };
		48ACFD9F1D2E42CE00341061 /* StoreCell.swift in Sources */ = {isa = PBXBuildFile; fileRef = 48ACFD9E1D2E42CE00341061 /* StoreCell.swift */; };
		48ACFDA21D2F410200341061 /* UserValidateInfoModel.swift in Sources */ = {isa = PBXBuildFile; fileRef = 48ACFDA11D2F410200341061 /* UserValidateInfoModel.swift */; };
		48ACFDA41D2F573F00341061 /* Validate.swift in Sources */ = {isa = PBXBuildFile; fileRef = 48ACFDA31D2F573F00341061 /* Validate.swift */; };
		48B22ABE1D1B9C8100421936 /* login-close-btn@2x.png in Resources */ = {isa = PBXBuildFile; fileRef = 48B22ABD1D1B9C8100421936 /* login-close-btn@2x.png */; };
		48B22AC31D1BA9D000421936 /* btn-white@2x.png in Resources */ = {isa = PBXBuildFile; fileRef = 48B22AC21D1BA9D000421936 /* btn-white@2x.png */; };
		48B22AC91D1BCC2E00421936 /* UserInfoVC.swift in Sources */ = {isa = PBXBuildFile; fileRef = 48B22AC81D1BCC2E00421936 /* UserInfoVC.swift */; };
		48B22ACB1D1BCD0600421936 /* QualificationInfoVC.swift in Sources */ = {isa = PBXBuildFile; fileRef = 48B22ACA1D1BCD0600421936 /* QualificationInfoVC.swift */; };
		48B22ACD1D1BCD8800421936 /* QualificationView.xib in Resources */ = {isa = PBXBuildFile; fileRef = 48B22ACC1D1BCD8800421936 /* QualificationView.xib */; };
		48B22ACF1D1BDB1200421936 /* QualificationView.swift in Sources */ = {isa = PBXBuildFile; fileRef = 48B22ACE1D1BDB1200421936 /* QualificationView.swift */; };
		48B22AD11D1C0E1600421936 /* UserInfoView.swift in Sources */ = {isa = PBXBuildFile; fileRef = 48B22AD01D1C0E1500421936 /* UserInfoView.swift */; };
		48B22AD31D1C0E2700421936 /* UserInfoView.xib in Resources */ = {isa = PBXBuildFile; fileRef = 48B22AD21D1C0E2700421936 /* UserInfoView.xib */; };
		48B22AD51D1CCB7F00421936 /* View.swift in Sources */ = {isa = PBXBuildFile; fileRef = 48B22AD41D1CCB7F00421936 /* View.swift */; };
		48B22AD71D1CEC1B00421936 /* TextField.swift in Sources */ = {isa = PBXBuildFile; fileRef = 48B22AD61D1CEC1B00421936 /* TextField.swift */; };
		48B22ADC1D20E4DF00421936 /* avatar@2x.png in Resources */ = {isa = PBXBuildFile; fileRef = 48B22ADB1D20E4DF00421936 /* avatar@2x.png */; };
		48B22ADE1D20E68500421936 /* ImageView.swift in Sources */ = {isa = PBXBuildFile; fileRef = 48B22ADD1D20E68500421936 /* ImageView.swift */; };
		48D95B201D2A8B1700197238 /* CarModel.swift in Sources */ = {isa = PBXBuildFile; fileRef = 48D95B1F1D2A8B1700197238 /* CarModel.swift */; };
		48D95B231D2B68AB00197238 /* icon_my_location_48px@2x.png in Resources */ = {isa = PBXBuildFile; fileRef = 48D95B221D2B68AB00197238 /* icon_my_location_48px@2x.png */; };
		48D95B251D2BB3D400197238 /* CarStoreModel.swift in Sources */ = {isa = PBXBuildFile; fileRef = 48D95B241D2BB3D300197238 /* CarStoreModel.swift */; };
		48D95B2D1D2D36B700197238 /* AlipaySDK.bundle in Resources */ = {isa = PBXBuildFile; fileRef = 48D95B2B1D2D36B500197238 /* AlipaySDK.bundle */; };
		48D95B2E1D2D36B700197238 /* AlipaySDK.framework in Frameworks */ = {isa = PBXBuildFile; fileRef = 48D95B2C1D2D36B600197238 /* AlipaySDK.framework */; };
		48D95B301D2D36EA00197238 /* SystemConfiguration.framework in Frameworks */ = {isa = PBXBuildFile; fileRef = 48D95B2F1D2D36EA00197238 /* SystemConfiguration.framework */; };
		48D95B321D2D36F900197238 /* CoreTelephony.framework in Frameworks */ = {isa = PBXBuildFile; fileRef = 48D95B311D2D36F900197238 /* CoreTelephony.framework */; };
		48D95B341D2D370600197238 /* QuartzCore.framework in Frameworks */ = {isa = PBXBuildFile; fileRef = 48D95B331D2D370600197238 /* QuartzCore.framework */; };
		48D95B361D2D371200197238 /* CoreText.framework in Frameworks */ = {isa = PBXBuildFile; fileRef = 48D95B351D2D371200197238 /* CoreText.framework */; };
		48D95B381D2D371E00197238 /* CoreGraphics.framework in Frameworks */ = {isa = PBXBuildFile; fileRef = 48D95B371D2D371E00197238 /* CoreGraphics.framework */; };
		48D95B3A1D2D372C00197238 /* CoreMotion.framework in Frameworks */ = {isa = PBXBuildFile; fileRef = 48D95B391D2D372C00197238 /* CoreMotion.framework */; };
		48D95B3C1D2D375000197238 /* libc++.tbd in Frameworks */ = {isa = PBXBuildFile; fileRef = 48D95B3B1D2D375000197238 /* libc++.tbd */; };
		48D95B3E1D2D375E00197238 /* libz.tbd in Frameworks */ = {isa = PBXBuildFile; fileRef = 48D95B3D1D2D375E00197238 /* libz.tbd */; };
		B570B4DB3BAC7816CD5990CE /* Pods.framework in Frameworks */ = {isa = PBXBuildFile; fileRef = E73A4B3FC7616F384B933638 /* Pods.framework */; };
/* End PBXBuildFile section */

/* Begin PBXContainerItemProxy section */
		483248371D13EF4600C4EB9E /* PBXContainerItemProxy */ = {
			isa = PBXContainerItemProxy;
			containerPortal = 4832481A1D13EF4500C4EB9E /* Project object */;
			proxyType = 1;
			remoteGlobalIDString = 483248211D13EF4500C4EB9E;
			remoteInfo = QuanZai;
		};
/* End PBXContainerItemProxy section */

/* Begin PBXFileReference section */
		2E6BF24CF5E3A97E55781C3F /* Pods.debug.xcconfig */ = {isa = PBXFileReference; includeInIndex = 1; lastKnownFileType = text.xcconfig; name = Pods.debug.xcconfig; path = "Pods/Target Support Files/Pods/Pods.debug.xcconfig"; sourceTree = "<group>"; };
		48216F221D2538E800720A6B /* WalletVC.swift */ = {isa = PBXFileReference; fileEncoding = 4; lastKnownFileType = sourcecode.swift; path = WalletVC.swift; sourceTree = "<group>"; };
		48216F241D25390E00720A6B /* WalletView.xib */ = {isa = PBXFileReference; fileEncoding = 4; lastKnownFileType = file.xib; path = WalletView.xib; sourceTree = "<group>"; };
		48216F271D25396200720A6B /* WalletView.swift */ = {isa = PBXFileReference; fileEncoding = 4; lastKnownFileType = sourcecode.swift; path = WalletView.swift; sourceTree = "<group>"; };
		48216F2B1D2540A600720A6B /* TopupVC.swift */ = {isa = PBXFileReference; fileEncoding = 4; lastKnownFileType = sourcecode.swift; path = TopupVC.swift; sourceTree = "<group>"; };
		48216F2D1D2540B800720A6B /* TopupView.swift */ = {isa = PBXFileReference; fileEncoding = 4; lastKnownFileType = sourcecode.swift; path = TopupView.swift; sourceTree = "<group>"; };
		48216F2F1D2540C300720A6B /* TopupView.xib */ = {isa = PBXFileReference; fileEncoding = 4; lastKnownFileType = file.xib; path = TopupView.xib; sourceTree = "<group>"; };
		48216F321D254CC600720A6B /* DLRadioButton.h */ = {isa = PBXFileReference; fileEncoding = 4; lastKnownFileType = sourcecode.c.h; path = DLRadioButton.h; sourceTree = "<group>"; };
		48216F331D254CC600720A6B /* DLRadioButton.m */ = {isa = PBXFileReference; fileEncoding = 4; lastKnownFileType = sourcecode.c.objc; path = DLRadioButton.m; sourceTree = "<group>"; };
		48216F371D2607DC00720A6B /* PaymentCell.xib */ = {isa = PBXFileReference; fileEncoding = 4; lastKnownFileType = file.xib; path = PaymentCell.xib; sourceTree = "<group>"; };
		48216F391D2607F000720A6B /* PaymentCell.swift */ = {isa = PBXFileReference; fileEncoding = 4; lastKnownFileType = sourcecode.swift; path = PaymentCell.swift; sourceTree = "<group>"; };
		48216F3B1D26080300720A6B /* PaymentListVC.swift */ = {isa = PBXFileReference; fileEncoding = 4; lastKnownFileType = sourcecode.swift; path = PaymentListVC.swift; sourceTree = "<group>"; };
		48216F3D1D260BE000720A6B /* BaseCell.swift */ = {isa = PBXFileReference; fileEncoding = 4; lastKnownFileType = sourcecode.swift; path = BaseCell.swift; sourceTree = "<group>"; };
		48245FF71D22BBFA00D930A4 /* CarDetailVC.swift */ = {isa = PBXFileReference; fileEncoding = 4; lastKnownFileType = sourcecode.swift; path = CarDetailVC.swift; sourceTree = "<group>"; };
		483248221D13EF4500C4EB9E /* QuanZai.app */ = {isa = PBXFileReference; explicitFileType = wrapper.application; includeInIndex = 0; path = QuanZai.app; sourceTree = BUILT_PRODUCTS_DIR; };
		483248251D13EF4600C4EB9E /* AppDelegate.swift */ = {isa = PBXFileReference; lastKnownFileType = sourcecode.swift; path = AppDelegate.swift; sourceTree = "<group>"; };
		4832482C1D13EF4600C4EB9E /* Assets.xcassets */ = {isa = PBXFileReference; lastKnownFileType = folder.assetcatalog; path = Assets.xcassets; sourceTree = "<group>"; };
		483248311D13EF4600C4EB9E /* Info.plist */ = {isa = PBXFileReference; lastKnownFileType = text.plist.xml; path = Info.plist; sourceTree = "<group>"; };
		483248361D13EF4600C4EB9E /* QuanZaiTests.xctest */ = {isa = PBXFileReference; explicitFileType = wrapper.cfbundle; includeInIndex = 0; path = QuanZaiTests.xctest; sourceTree = BUILT_PRODUCTS_DIR; };
		4832483A1D13EF4600C4EB9E /* QuanZaiTests.swift */ = {isa = PBXFileReference; lastKnownFileType = sourcecode.swift; path = QuanZaiTests.swift; sourceTree = "<group>"; };
		4832483C1D13EF4600C4EB9E /* Info.plist */ = {isa = PBXFileReference; lastKnownFileType = text.plist.xml; path = Info.plist; sourceTree = "<group>"; };
		483248461D13F29A00C4EB9E /* APIClient.swift */ = {isa = PBXFileReference; fileEncoding = 4; lastKnownFileType = sourcecode.swift; path = APIClient.swift; sourceTree = "<group>"; };
		483248491D141FFA00C4EB9E /* BaseModel.swift */ = {isa = PBXFileReference; fileEncoding = 4; lastKnownFileType = sourcecode.swift; path = BaseModel.swift; sourceTree = "<group>"; };
		48422AE31D192478005A48D6 /* ServiceAPI.swift */ = {isa = PBXFileReference; fileEncoding = 4; lastKnownFileType = sourcecode.swift; path = ServiceAPI.swift; sourceTree = "<group>"; };
		48422AE51D1924F4005A48D6 /* Router.swift */ = {isa = PBXFileReference; fileEncoding = 4; lastKnownFileType = sourcecode.swift; path = Router.swift; sourceTree = "<group>"; };
		48422AE91D1958FA005A48D6 /* blue-point@2x.png */ = {isa = PBXFileReference; lastKnownFileType = image.png; path = "blue-point@2x.png"; sourceTree = "<group>"; };
		48422AEB1D1958FA005A48D6 /* btn-left@2x.png */ = {isa = PBXFileReference; lastKnownFileType = image.png; path = "btn-left@2x.png"; sourceTree = "<group>"; };
		48422AEC1D1958FA005A48D6 /* btn-left2@2x.png */ = {isa = PBXFileReference; lastKnownFileType = image.png; path = "btn-left2@2x.png"; sourceTree = "<group>"; };
		48422AED1D1958FA005A48D6 /* btn-right@2x.png */ = {isa = PBXFileReference; lastKnownFileType = image.png; path = "btn-right@2x.png"; sourceTree = "<group>"; };
		48422AEF1D1958FA005A48D6 /* green-point@2x.png */ = {isa = PBXFileReference; lastKnownFileType = image.png; path = "green-point@2x.png"; sourceTree = "<group>"; };
		48422AF01D1958FA005A48D6 /* orange-point@2x.png */ = {isa = PBXFileReference; lastKnownFileType = image.png; path = "orange-point@2x.png"; sourceTree = "<group>"; };
		48422AF91D195DBF005A48D6 /* btn-center@2x.png */ = {isa = PBXFileReference; lastKnownFileType = image.png; path = "btn-center@2x.png"; sourceTree = "<group>"; };
		48422AFF1D1979FF005A48D6 /* CarCell.swift */ = {isa = PBXFileReference; fileEncoding = 4; lastKnownFileType = sourcecode.swift; path = CarCell.swift; sourceTree = "<group>"; };
		48422B051D1A8FC7005A48D6 /* LoginVC.swift */ = {isa = PBXFileReference; fileEncoding = 4; lastKnownFileType = sourcecode.swift; path = LoginVC.swift; sourceTree = "<group>"; };
		48422B071D1A975C005A48D6 /* point@2x.png */ = {isa = PBXFileReference; lastKnownFileType = image.png; path = "point@2x.png"; sourceTree = "<group>"; };
		48422B091D1AA1FE005A48D6 /* btn-blue@2x.png */ = {isa = PBXFileReference; lastKnownFileType = image.png; path = "btn-blue@2x.png"; sourceTree = "<group>"; };
		487B969A1D17A80F00786DA9 /* bussiness-car@2x.png */ = {isa = PBXFileReference; lastKnownFileType = image.png; path = "bussiness-car@2x.png"; sourceTree = "<group>"; };
		487B969B1D17A80F00786DA9 /* car@2x.png */ = {isa = PBXFileReference; lastKnownFileType = image.png; path = "car@2x.png"; sourceTree = "<group>"; };
		487B969C1D17A80F00786DA9 /* close-btn@2x.png */ = {isa = PBXFileReference; lastKnownFileType = image.png; path = "close-btn@2x.png"; sourceTree = "<group>"; };
		487B969D1D17A80F00786DA9 /* elec-car@2x.png */ = {isa = PBXFileReference; lastKnownFileType = image.png; path = "elec-car@2x.png"; sourceTree = "<group>"; };
		487B969E1D17A80F00786DA9 /* luxury-car@2x.png */ = {isa = PBXFileReference; lastKnownFileType = image.png; path = "luxury-car@2x.png"; sourceTree = "<group>"; };
		487B969F1D17A80F00786DA9 /* menu-icon@2x.png */ = {isa = PBXFileReference; lastKnownFileType = image.png; path = "menu-icon@2x.png"; sourceTree = "<group>"; };
		487B96A01D17A80F00786DA9 /* plus@2x.png */ = {isa = PBXFileReference; lastKnownFileType = image.png; path = "plus@2x.png"; sourceTree = "<group>"; };
		487B96A21D17A80F00786DA9 /* tab-charge@2x.png */ = {isa = PBXFileReference; lastKnownFileType = image.png; path = "tab-charge@2x.png"; sourceTree = "<group>"; };
		487B96A31D17A80F00786DA9 /* tab-lock@2x.png */ = {isa = PBXFileReference; lastKnownFileType = image.png; path = "tab-lock@2x.png"; sourceTree = "<group>"; };
		487B96A41D17A80F00786DA9 /* tab-star@2x.png */ = {isa = PBXFileReference; lastKnownFileType = image.png; path = "tab-star@2x.png"; sourceTree = "<group>"; };
		487B96A51D17A80F00786DA9 /* tab-unlock@2x.png */ = {isa = PBXFileReference; lastKnownFileType = image.png; path = "tab-unlock@2x.png"; sourceTree = "<group>"; };
		487B96A61D17A80F00786DA9 /* title@2x.png */ = {isa = PBXFileReference; lastKnownFileType = image.png; path = "title@2x.png"; sourceTree = "<group>"; };
		487B96B51D17AA1700786DA9 /* MenuVC.swift */ = {isa = PBXFileReference; fileEncoding = 4; lastKnownFileType = sourcecode.swift; path = MenuVC.swift; sourceTree = "<group>"; };
		487B96B71D17AB4800786DA9 /* HomeVC.swift */ = {isa = PBXFileReference; fileEncoding = 4; lastKnownFileType = sourcecode.swift; path = HomeVC.swift; sourceTree = "<group>"; };
		487B96B91D17B49E00786DA9 /* swiftFastCode.swift */ = {isa = PBXFileReference; fileEncoding = 4; lastKnownFileType = sourcecode.swift; path = swiftFastCode.swift; sourceTree = "<group>"; };
		487B96BD1D17C0B500786DA9 /* QuanZai-Bridging-Header.h */ = {isa = PBXFileReference; fileEncoding = 4; lastKnownFileType = sourcecode.c.h; path = "QuanZai-Bridging-Header.h"; sourceTree = "<group>"; };
		487B96C31D17C0EA00786DA9 /* KUIButton.h */ = {isa = PBXFileReference; fileEncoding = 4; lastKnownFileType = sourcecode.c.h; path = KUIButton.h; sourceTree = "<group>"; };
		487B96C41D17C0EA00786DA9 /* KUIButton.m */ = {isa = PBXFileReference; fileEncoding = 4; lastKnownFileType = sourcecode.c.objc; path = KUIButton.m; sourceTree = "<group>"; };
		487B96CB1D17C0EA00786DA9 /* UIButton+KAddition.h */ = {isa = PBXFileReference; fileEncoding = 4; lastKnownFileType = sourcecode.c.h; path = "UIButton+KAddition.h"; sourceTree = "<group>"; };
		487B96CC1D17C0EA00786DA9 /* UIButton+KAddition.m */ = {isa = PBXFileReference; fileEncoding = 4; lastKnownFileType = sourcecode.c.objc; path = "UIButton+KAddition.m"; sourceTree = "<group>"; };
		487B96CD1D17C0EA00786DA9 /* UIDevice+Hardware.h */ = {isa = PBXFileReference; fileEncoding = 4; lastKnownFileType = sourcecode.c.h; path = "UIDevice+Hardware.h"; sourceTree = "<group>"; };
		487B96CE1D17C0EA00786DA9 /* UIDevice+Hardware.m */ = {isa = PBXFileReference; fileEncoding = 4; lastKnownFileType = sourcecode.c.objc; path = "UIDevice+Hardware.m"; sourceTree = "<group>"; };
		487B96CF1D17C0EA00786DA9 /* UIImage+PL.h */ = {isa = PBXFileReference; fileEncoding = 4; lastKnownFileType = sourcecode.c.h; path = "UIImage+PL.h"; sourceTree = "<group>"; };
		487B96D01D17C0EA00786DA9 /* UIImage+PL.m */ = {isa = PBXFileReference; fileEncoding = 4; lastKnownFileType = sourcecode.c.objc; path = "UIImage+PL.m"; sourceTree = "<group>"; };
		487B96D11D17C0EA00786DA9 /* UILabel+KAddition.h */ = {isa = PBXFileReference; fileEncoding = 4; lastKnownFileType = sourcecode.c.h; path = "UILabel+KAddition.h"; sourceTree = "<group>"; };
		487B96D21D17C0EA00786DA9 /* UILabel+KAddition.m */ = {isa = PBXFileReference; fileEncoding = 4; lastKnownFileType = sourcecode.c.objc; path = "UILabel+KAddition.m"; sourceTree = "<group>"; };
		487B96D31D17C0EA00786DA9 /* UIView+KAddition.h */ = {isa = PBXFileReference; fileEncoding = 4; lastKnownFileType = sourcecode.c.h; path = "UIView+KAddition.h"; sourceTree = "<group>"; };
		487B96D41D17C0EA00786DA9 /* UIView+KAddition.m */ = {isa = PBXFileReference; fileEncoding = 4; lastKnownFileType = sourcecode.c.objc; path = "UIView+KAddition.m"; sourceTree = "<group>"; };
		487B96E11D17C0F200786DA9 /* NSArray+Additions.h */ = {isa = PBXFileReference; fileEncoding = 4; lastKnownFileType = sourcecode.c.h; path = "NSArray+Additions.h"; sourceTree = "<group>"; };
		487B96E21D17C0F200786DA9 /* NSArray+Additions.m */ = {isa = PBXFileReference; fileEncoding = 4; lastKnownFileType = sourcecode.c.objc; path = "NSArray+Additions.m"; sourceTree = "<group>"; };
		487B96E31D17C0F200786DA9 /* NSData+Additions.h */ = {isa = PBXFileReference; fileEncoding = 4; lastKnownFileType = sourcecode.c.h; path = "NSData+Additions.h"; sourceTree = "<group>"; };
		487B96E41D17C0F200786DA9 /* NSData+Additions.m */ = {isa = PBXFileReference; fileEncoding = 4; lastKnownFileType = sourcecode.c.objc; path = "NSData+Additions.m"; sourceTree = "<group>"; };
		487B96E51D17C0F200786DA9 /* NSDate+Utilities.h */ = {isa = PBXFileReference; fileEncoding = 4; lastKnownFileType = sourcecode.c.h; path = "NSDate+Utilities.h"; sourceTree = "<group>"; };
		487B96E61D17C0F200786DA9 /* NSDate+Utilities.m */ = {isa = PBXFileReference; fileEncoding = 4; lastKnownFileType = sourcecode.c.objc; path = "NSDate+Utilities.m"; sourceTree = "<group>"; };
		487B96E71D17C0F200786DA9 /* NSObject+Additions.h */ = {isa = PBXFileReference; fileEncoding = 4; lastKnownFileType = sourcecode.c.h; path = "NSObject+Additions.h"; sourceTree = "<group>"; };
		487B96E81D17C0F200786DA9 /* NSObject+Additions.m */ = {isa = PBXFileReference; fileEncoding = 4; lastKnownFileType = sourcecode.c.objc; path = "NSObject+Additions.m"; sourceTree = "<group>"; };
		487B96E91D17C0F200786DA9 /* NSString+Additions.h */ = {isa = PBXFileReference; fileEncoding = 4; lastKnownFileType = sourcecode.c.h; path = "NSString+Additions.h"; sourceTree = "<group>"; };
		487B96EA1D17C0F200786DA9 /* NSString+Additions.m */ = {isa = PBXFileReference; fileEncoding = 4; lastKnownFileType = sourcecode.c.objc; path = "NSString+Additions.m"; sourceTree = "<group>"; };
		487B96EB1D17C0F200786DA9 /* README.txt */ = {isa = PBXFileReference; fileEncoding = 4; lastKnownFileType = text; path = README.txt; sourceTree = "<group>"; };
		487B96EC1D17C0F200786DA9 /* Swizzle.c */ = {isa = PBXFileReference; fileEncoding = 4; lastKnownFileType = sourcecode.c.c; path = Swizzle.c; sourceTree = "<group>"; };
		487B96ED1D17C0F200786DA9 /* Swizzle.h */ = {isa = PBXFileReference; fileEncoding = 4; lastKnownFileType = sourcecode.c.h; path = Swizzle.h; sourceTree = "<group>"; };
		487B96F51D17C11500786DA9 /* UIAddition.h */ = {isa = PBXFileReference; fileEncoding = 4; lastKnownFileType = sourcecode.c.h; path = UIAddition.h; sourceTree = "<group>"; };
		487B96F61D17C1F000786DA9 /* QuanZai-Prefix.pch */ = {isa = PBXFileReference; fileEncoding = 4; lastKnownFileType = sourcecode.c.h; path = "QuanZai-Prefix.pch"; sourceTree = "<group>"; };
		487B96F71D17C2E600786DA9 /* FastCodeDefines.h */ = {isa = PBXFileReference; fileEncoding = 4; lastKnownFileType = sourcecode.c.h; path = FastCodeDefines.h; sourceTree = "<group>"; };
		487B96FB1D17E25900786DA9 /* MapVC.swift */ = {isa = PBXFileReference; fileEncoding = 4; lastKnownFileType = sourcecode.swift; path = MapVC.swift; sourceTree = "<group>"; };
		487B96FD1D17E26C00786DA9 /* BaseVC.swift */ = {isa = PBXFileReference; fileEncoding = 4; lastKnownFileType = sourcecode.swift; path = BaseVC.swift; sourceTree = "<group>"; };
		488C64511D23E6DB00A5D55C /* VerifyCodeView.swift */ = {isa = PBXFileReference; fileEncoding = 4; lastKnownFileType = sourcecode.swift; path = VerifyCodeView.swift; sourceTree = "<group>"; };
		488C64531D23E6F000A5D55C /* VerifyCodeView.xib */ = {isa = PBXFileReference; fileEncoding = 4; lastKnownFileType = file.xib; path = VerifyCodeView.xib; sourceTree = "<group>"; };
		488C64551D23E91300A5D55C /* Button.swift */ = {isa = PBXFileReference; fileEncoding = 4; lastKnownFileType = sourcecode.swift; path = Button.swift; sourceTree = "<group>"; };
		488C64591D24CA5F00A5D55C /* OrderDetailVC.swift */ = {isa = PBXFileReference; fileEncoding = 4; lastKnownFileType = sourcecode.swift; path = OrderDetailVC.swift; sourceTree = "<group>"; };
		489DC31D1D1809120061033F /* TimeShareVC.swift */ = {isa = PBXFileReference; fileEncoding = 4; lastKnownFileType = sourcecode.swift; path = TimeShareVC.swift; sourceTree = "<group>"; };
		489DC31F1D180BB40061033F /* ActionBar.swift */ = {isa = PBXFileReference; fileEncoding = 4; lastKnownFileType = sourcecode.swift; path = ActionBar.swift; sourceTree = "<group>"; };
		489DC3211D18D45A0061033F /* UserModel.swift */ = {isa = PBXFileReference; fileEncoding = 4; lastKnownFileType = sourcecode.swift; path = UserModel.swift; sourceTree = "<group>"; };
		48ABF2AE1D212F2500C16525 /* OrderCell.swift */ = {isa = PBXFileReference; fileEncoding = 4; lastKnownFileType = sourcecode.swift; path = OrderCell.swift; sourceTree = "<group>"; };
		48ABF2B21D212F6F00C16525 /* OrderCell.xib */ = {isa = PBXFileReference; fileEncoding = 4; lastKnownFileType = file.xib; path = OrderCell.xib; sourceTree = "<group>"; };
		48ABF2B61D213D1600C16525 /* OrderListVC.swift */ = {isa = PBXFileReference; fileEncoding = 4; lastKnownFileType = sourcecode.swift; path = OrderListVC.swift; sourceTree = "<group>"; };
		48ABF2B81D22172900C16525 /* Label.swift */ = {isa = PBXFileReference; fileEncoding = 4; lastKnownFileType = sourcecode.swift; path = Label.swift; sourceTree = "<group>"; };
		48ABF2BB1D222B5A00C16525 /* OrderDetailView.swift */ = {isa = PBXFileReference; fileEncoding = 4; lastKnownFileType = sourcecode.swift; path = OrderDetailView.swift; sourceTree = "<group>"; };
		48ABF2BD1D222B7100C16525 /* OrderDetailView.xib */ = {isa = PBXFileReference; fileEncoding = 4; lastKnownFileType = file.xib; path = OrderDetailView.xib; sourceTree = "<group>"; };
		48ABF2C01D222F7F00C16525 /* CarDetailView.swift */ = {isa = PBXFileReference; fileEncoding = 4; lastKnownFileType = sourcecode.swift; path = CarDetailView.swift; sourceTree = "<group>"; };
		48ABF2C21D222F8C00C16525 /* CarDetailView.xib */ = {isa = PBXFileReference; fileEncoding = 4; lastKnownFileType = file.xib; path = CarDetailView.xib; sourceTree = "<group>"; };
		48ACFD9A1D2E22DC00341061 /* DateTypeModel.swift */ = {isa = PBXFileReference; fileEncoding = 4; lastKnownFileType = sourcecode.swift; path = DateTypeModel.swift; sourceTree = "<group>"; };
		48ACFD9C1D2E234D00341061 /* PriceModel.swift */ = {isa = PBXFileReference; fileEncoding = 4; lastKnownFileType = sourcecode.swift; path = PriceModel.swift; sourceTree = "<group>"; };
		48ACFD9E1D2E42CE00341061 /* StoreCell.swift */ = {isa = PBXFileReference; fileEncoding = 4; lastKnownFileType = sourcecode.swift; path = StoreCell.swift; sourceTree = "<group>"; };
		48ACFDA11D2F410200341061 /* UserValidateInfoModel.swift */ = {isa = PBXFileReference; fileEncoding = 4; lastKnownFileType = sourcecode.swift; path = UserValidateInfoModel.swift; sourceTree = "<group>"; };
		48ACFDA31D2F573F00341061 /* Validate.swift */ = {isa = PBXFileReference; fileEncoding = 4; lastKnownFileType = sourcecode.swift; path = Validate.swift; sourceTree = "<group>"; };
		48B22ABD1D1B9C8100421936 /* login-close-btn@2x.png */ = {isa = PBXFileReference; lastKnownFileType = image.png; path = "login-close-btn@2x.png"; sourceTree = "<group>"; };
		48B22AC21D1BA9D000421936 /* btn-white@2x.png */ = {isa = PBXFileReference; lastKnownFileType = image.png; path = "btn-white@2x.png"; sourceTree = "<group>"; };
		48B22AC81D1BCC2E00421936 /* UserInfoVC.swift */ = {isa = PBXFileReference; fileEncoding = 4; lastKnownFileType = sourcecode.swift; path = UserInfoVC.swift; sourceTree = "<group>"; };
		48B22ACA1D1BCD0600421936 /* QualificationInfoVC.swift */ = {isa = PBXFileReference; fileEncoding = 4; lastKnownFileType = sourcecode.swift; path = QualificationInfoVC.swift; sourceTree = "<group>"; };
		48B22ACC1D1BCD8800421936 /* QualificationView.xib */ = {isa = PBXFileReference; fileEncoding = 4; lastKnownFileType = file.xib; path = QualificationView.xib; sourceTree = "<group>"; };
		48B22ACE1D1BDB1200421936 /* QualificationView.swift */ = {isa = PBXFileReference; fileEncoding = 4; lastKnownFileType = sourcecode.swift; path = QualificationView.swift; sourceTree = "<group>"; };
		48B22AD01D1C0E1500421936 /* UserInfoView.swift */ = {isa = PBXFileReference; fileEncoding = 4; lastKnownFileType = sourcecode.swift; path = UserInfoView.swift; sourceTree = "<group>"; };
		48B22AD21D1C0E2700421936 /* UserInfoView.xib */ = {isa = PBXFileReference; fileEncoding = 4; lastKnownFileType = file.xib; path = UserInfoView.xib; sourceTree = "<group>"; };
		48B22AD41D1CCB7F00421936 /* View.swift */ = {isa = PBXFileReference; fileEncoding = 4; lastKnownFileType = sourcecode.swift; path = View.swift; sourceTree = "<group>"; };
		48B22AD61D1CEC1B00421936 /* TextField.swift */ = {isa = PBXFileReference; fileEncoding = 4; lastKnownFileType = sourcecode.swift; path = TextField.swift; sourceTree = "<group>"; };
		48B22ADB1D20E4DF00421936 /* avatar@2x.png */ = {isa = PBXFileReference; lastKnownFileType = image.png; path = "avatar@2x.png"; sourceTree = "<group>"; };
		48B22ADD1D20E68500421936 /* ImageView.swift */ = {isa = PBXFileReference; fileEncoding = 4; lastKnownFileType = sourcecode.swift; path = ImageView.swift; sourceTree = "<group>"; };
		48D95B1F1D2A8B1700197238 /* CarModel.swift */ = {isa = PBXFileReference; fileEncoding = 4; lastKnownFileType = sourcecode.swift; path = CarModel.swift; sourceTree = "<group>"; };
		48D95B221D2B68AB00197238 /* icon_my_location_48px@2x.png */ = {isa = PBXFileReference; lastKnownFileType = image.png; path = "icon_my_location_48px@2x.png"; sourceTree = "<group>"; };
		48D95B241D2BB3D300197238 /* CarStoreModel.swift */ = {isa = PBXFileReference; fileEncoding = 4; lastKnownFileType = sourcecode.swift; path = CarStoreModel.swift; sourceTree = "<group>"; };
		48D95B2B1D2D36B500197238 /* AlipaySDK.bundle */ = {isa = PBXFileReference; lastKnownFileType = "wrapper.plug-in"; path = AlipaySDK.bundle; sourceTree = "<group>"; };
		48D95B2C1D2D36B600197238 /* AlipaySDK.framework */ = {isa = PBXFileReference; lastKnownFileType = wrapper.framework; path = AlipaySDK.framework; sourceTree = "<group>"; };
		48D95B2F1D2D36EA00197238 /* SystemConfiguration.framework */ = {isa = PBXFileReference; lastKnownFileType = wrapper.framework; name = SystemConfiguration.framework; path = System/Library/Frameworks/SystemConfiguration.framework; sourceTree = SDKROOT; };
		48D95B311D2D36F900197238 /* CoreTelephony.framework */ = {isa = PBXFileReference; lastKnownFileType = wrapper.framework; name = CoreTelephony.framework; path = System/Library/Frameworks/CoreTelephony.framework; sourceTree = SDKROOT; };
		48D95B331D2D370600197238 /* QuartzCore.framework */ = {isa = PBXFileReference; lastKnownFileType = wrapper.framework; name = QuartzCore.framework; path = System/Library/Frameworks/QuartzCore.framework; sourceTree = SDKROOT; };
		48D95B351D2D371200197238 /* CoreText.framework */ = {isa = PBXFileReference; lastKnownFileType = wrapper.framework; name = CoreText.framework; path = System/Library/Frameworks/CoreText.framework; sourceTree = SDKROOT; };
		48D95B371D2D371E00197238 /* CoreGraphics.framework */ = {isa = PBXFileReference; lastKnownFileType = wrapper.framework; name = CoreGraphics.framework; path = System/Library/Frameworks/CoreGraphics.framework; sourceTree = SDKROOT; };
		48D95B391D2D372C00197238 /* CoreMotion.framework */ = {isa = PBXFileReference; lastKnownFileType = wrapper.framework; name = CoreMotion.framework; path = System/Library/Frameworks/CoreMotion.framework; sourceTree = SDKROOT; };
		48D95B3B1D2D375000197238 /* libc++.tbd */ = {isa = PBXFileReference; lastKnownFileType = "sourcecode.text-based-dylib-definition"; name = "libc++.tbd"; path = "usr/lib/libc++.tbd"; sourceTree = SDKROOT; };
		48D95B3D1D2D375E00197238 /* libz.tbd */ = {isa = PBXFileReference; lastKnownFileType = "sourcecode.text-based-dylib-definition"; name = libz.tbd; path = usr/lib/libz.tbd; sourceTree = SDKROOT; };
		622593F7D1388AA10A6EF420 /* Pods.release.xcconfig */ = {isa = PBXFileReference; includeInIndex = 1; lastKnownFileType = text.xcconfig; name = Pods.release.xcconfig; path = "Pods/Target Support Files/Pods/Pods.release.xcconfig"; sourceTree = "<group>"; };
		E73A4B3FC7616F384B933638 /* Pods.framework */ = {isa = PBXFileReference; explicitFileType = wrapper.framework; includeInIndex = 0; path = Pods.framework; sourceTree = BUILT_PRODUCTS_DIR; };
/* End PBXFileReference section */

/* Begin PBXFrameworksBuildPhase section */
		4832481F1D13EF4500C4EB9E /* Frameworks */ = {
			isa = PBXFrameworksBuildPhase;
			buildActionMask = 2147483647;
			files = (
				48D95B3E1D2D375E00197238 /* libz.tbd in Frameworks */,
				48D95B3C1D2D375000197238 /* libc++.tbd in Frameworks */,
				48D95B3A1D2D372C00197238 /* CoreMotion.framework in Frameworks */,
				48D95B381D2D371E00197238 /* CoreGraphics.framework in Frameworks */,
				48D95B361D2D371200197238 /* CoreText.framework in Frameworks */,
				48D95B341D2D370600197238 /* QuartzCore.framework in Frameworks */,
				48D95B321D2D36F900197238 /* CoreTelephony.framework in Frameworks */,
				48D95B301D2D36EA00197238 /* SystemConfiguration.framework in Frameworks */,
				B570B4DB3BAC7816CD5990CE /* Pods.framework in Frameworks */,
				48D95B2E1D2D36B700197238 /* AlipaySDK.framework in Frameworks */,
			);
			runOnlyForDeploymentPostprocessing = 0;
		};
		483248331D13EF4600C4EB9E /* Frameworks */ = {
			isa = PBXFrameworksBuildPhase;
			buildActionMask = 2147483647;
			files = (
			);
			runOnlyForDeploymentPostprocessing = 0;
		};
/* End PBXFrameworksBuildPhase section */

/* Begin PBXGroup section */
		48216F211D25388900720A6B /* 我的账户 */ = {
			isa = PBXGroup;
			children = (
				48216F221D2538E800720A6B /* WalletVC.swift */,
			);
			name = "我的账户";
			sourceTree = "<group>";
		};
		48216F261D25393A00720A6B /* 账户余额View */ = {
			isa = PBXGroup;
			children = (
				48216F241D25390E00720A6B /* WalletView.xib */,
				48216F271D25396200720A6B /* WalletView.swift */,
			);
			name = "账户余额View";
			sourceTree = "<group>";
		};
		48216F291D25405D00720A6B /* 充值View */ = {
			isa = PBXGroup;
			children = (
				48216F2D1D2540B800720A6B /* TopupView.swift */,
				48216F2F1D2540C300720A6B /* TopupView.xib */,
			);
			name = "充值View";
			sourceTree = "<group>";
		};
		48216F2A1D25407A00720A6B /* 充值 */ = {
			isa = PBXGroup;
			children = (
				48216F2B1D2540A600720A6B /* TopupVC.swift */,
			);
			name = "充值";
			sourceTree = "<group>";
		};
		48216F311D254CC600720A6B /* DLRadioButton */ = {
			isa = PBXGroup;
			children = (
				48216F321D254CC600720A6B /* DLRadioButton.h */,
				48216F331D254CC600720A6B /* DLRadioButton.m */,
			);
			path = DLRadioButton;
			sourceTree = "<group>";
		};
		48216F351D26079D00720A6B /* 账户明细 */ = {
			isa = PBXGroup;
			children = (
				48216F3B1D26080300720A6B /* PaymentListVC.swift */,
			);
			name = "账户明细";
			sourceTree = "<group>";
		};
		48216F361D2607AA00720A6B /* 账户明细Cell */ = {
			isa = PBXGroup;
			children = (
				48216F371D2607DC00720A6B /* PaymentCell.xib */,
				48216F391D2607F000720A6B /* PaymentCell.swift */,
			);
			name = "账户明细Cell";
			sourceTree = "<group>";
		};
		48245FF61D22BBDD00D930A4 /* 车辆详情 */ = {
			isa = PBXGroup;
			children = (
				48245FF71D22BBFA00D930A4 /* CarDetailVC.swift */,
			);
			name = "车辆详情";
			sourceTree = "<group>";
		};
		483248191D13EF4500C4EB9E = {
			isa = PBXGroup;
			children = (
				483248241D13EF4600C4EB9E /* QuanZai */,
				483248391D13EF4600C4EB9E /* QuanZaiTests */,
				483248231D13EF4500C4EB9E /* Products */,
				CFCFB1D801B4EA8F6181CE19 /* Pods */,
				60F066BC6A03D14F68BA8761 /* Frameworks */,
			);
			sourceTree = "<group>";
		};
		483248231D13EF4500C4EB9E /* Products */ = {
			isa = PBXGroup;
			children = (
				483248221D13EF4500C4EB9E /* QuanZai.app */,
				483248361D13EF4600C4EB9E /* QuanZaiTests.xctest */,
			);
			name = Products;
			sourceTree = "<group>";
		};
		483248241D13EF4600C4EB9E /* QuanZai */ = {
			isa = PBXGroup;
			children = (
				48D95B2A1D2D367E00197238 /* SDK */,
				488C64571D24A88D00A5D55C /* Base */,
				483248451D13F25100C4EB9E /* API */,
				483248511D17821800C4EB9E /* Models */,
				483248521D17822000C4EB9E /* View */,
				483248551D17825E00C4EB9E /* Controllers */,
				483248541D17824B00C4EB9E /* Application */,
				483248561D17827300C4EB9E /* Bridging */,
				487B96B41D17A9EE00786DA9 /* Extensions */,
				483248531D17822B00C4EB9E /* Utility */,
				483248571D17828200C4EB9E /* images */,
				4832482C1D13EF4600C4EB9E /* Assets.xcassets */,
				483248311D13EF4600C4EB9E /* Info.plist */,
			);
			path = QuanZai;
			sourceTree = "<group>";
		};
		483248391D13EF4600C4EB9E /* QuanZaiTests */ = {
			isa = PBXGroup;
			children = (
				4832483A1D13EF4600C4EB9E /* QuanZaiTests.swift */,
				4832483C1D13EF4600C4EB9E /* Info.plist */,
			);
			path = QuanZaiTests;
			sourceTree = "<group>";
		};
		483248451D13F25100C4EB9E /* API */ = {
			isa = PBXGroup;
			children = (
				483248461D13F29A00C4EB9E /* APIClient.swift */,
				48422AE31D192478005A48D6 /* ServiceAPI.swift */,
				48422AE51D1924F4005A48D6 /* Router.swift */,
			);
			name = API;
			sourceTree = "<group>";
		};
		483248511D17821800C4EB9E /* Models */ = {
			isa = PBXGroup;
			children = (
				489DC3211D18D45A0061033F /* UserModel.swift */,
				48D95B1F1D2A8B1700197238 /* CarModel.swift */,
				48D95B241D2BB3D300197238 /* CarStoreModel.swift */,
				48ACFD9A1D2E22DC00341061 /* DateTypeModel.swift */,
				48ACFD9C1D2E234D00341061 /* PriceModel.swift */,
				48ACFDA11D2F410200341061 /* UserValidateInfoModel.swift */,
			);
			name = Models;
			sourceTree = "<group>";
		};
		483248521D17822000C4EB9E /* View */ = {
			isa = PBXGroup;
			children = (
				48D95B291D2D1F7800197238 /* 底部操作栏Bar */,
				48216F361D2607AA00720A6B /* 账户明细Cell */,
				48216F291D25405D00720A6B /* 充值View */,
				48216F261D25393A00720A6B /* 账户余额View */,
				488C64501D23E68100A5D55C /* 短信验证弹窗View */,
				48ABF2BF1D222F5A00C16525 /* 车辆详情View */,
				48ABF2BA1D222AED00C16525 /* 订单详情View */,
				48ABF2B11D212F3800C16525 /* 车辆列表Cell */,
				48ACFDA01D2E531F00341061 /* 车场列表Cell */,
				48ABF2B01D212F2A00C16525 /* 订单列表Cell */,
				48B22ADA1D1D2C1C00421936 /* 用户身份VIew */,
				48B22AD91D1CEE8F00421936 /* 租车身份认证View */,
			);
			name = View;
			sourceTree = "<group>";
		};
		483248531D17822B00C4EB9E /* Utility */ = {
			isa = PBXGroup;
			children = (
				487B96F61D17C1F000786DA9 /* QuanZai-Prefix.pch */,
				487B96F71D17C2E600786DA9 /* FastCodeDefines.h */,
				487B96B91D17B49E00786DA9 /* swiftFastCode.swift */,
				48ACFDA31D2F573F00341061 /* Validate.swift */,
			);
			name = Utility;
			sourceTree = "<group>";
		};
		483248541D17824B00C4EB9E /* Application */ = {
			isa = PBXGroup;
			children = (
				483248251D13EF4600C4EB9E /* AppDelegate.swift */,
			);
			name = Application;
			sourceTree = "<group>";
		};
		483248551D17825E00C4EB9E /* Controllers */ = {
			isa = PBXGroup;
			children = (
				48216F351D26079D00720A6B /* 账户明细 */,
				48216F2A1D25407A00720A6B /* 充值 */,
				48216F211D25388900720A6B /* 我的账户 */,
				48B22AC61D1BCB9000421936 /* 登录页 */,
				48B22AC41D1BCB6B00421936 /* 首页 */,
				48B22AC71D1BCBD000421936 /* 个人中心 */,
				488C645D1D24DCBC00A5D55C /* 租车资格验证 */,
				488C645C1D24DCB000A5D55C /* 个人信息 */,
				488C645B1D24DCA500A5D55C /* 历史订单 */,
				488C64581D24CA4600A5D55C /* 订单详情 */,
				48245FF61D22BBDD00D930A4 /* 车辆详情 */,
			);
			name = Controllers;
			sourceTree = "<group>";
		};
		483248561D17827300C4EB9E /* Bridging */ = {
			isa = PBXGroup;
			children = (
				487B96BD1D17C0B500786DA9 /* QuanZai-Bridging-Header.h */,
			);
			name = Bridging;
			sourceTree = "<group>";
		};
		483248571D17828200C4EB9E /* images */ = {
			isa = PBXGroup;
			children = (
				487B96991D17A80F00786DA9 /* icons */,
			);
			name = images;
			sourceTree = "<group>";
		};
		487B96991D17A80F00786DA9 /* icons */ = {
			isa = PBXGroup;
			children = (
				48D95B221D2B68AB00197238 /* icon_my_location_48px@2x.png */,
				48B22ADB1D20E4DF00421936 /* avatar@2x.png */,
				48B22AC21D1BA9D000421936 /* btn-white@2x.png */,
				48B22ABD1D1B9C8100421936 /* login-close-btn@2x.png */,
				48422B091D1AA1FE005A48D6 /* btn-blue@2x.png */,
				48422B071D1A975C005A48D6 /* point@2x.png */,
				48422AF91D195DBF005A48D6 /* btn-center@2x.png */,
				48422AE91D1958FA005A48D6 /* blue-point@2x.png */,
				48422AEB1D1958FA005A48D6 /* btn-left@2x.png */,
				48422AEC1D1958FA005A48D6 /* btn-left2@2x.png */,
				48422AED1D1958FA005A48D6 /* btn-right@2x.png */,
				48422AEF1D1958FA005A48D6 /* green-point@2x.png */,
				48422AF01D1958FA005A48D6 /* orange-point@2x.png */,
				487B969A1D17A80F00786DA9 /* bussiness-car@2x.png */,
				487B969B1D17A80F00786DA9 /* car@2x.png */,
				487B969C1D17A80F00786DA9 /* close-btn@2x.png */,
				487B969D1D17A80F00786DA9 /* elec-car@2x.png */,
				487B969E1D17A80F00786DA9 /* luxury-car@2x.png */,
				487B969F1D17A80F00786DA9 /* menu-icon@2x.png */,
				487B96A01D17A80F00786DA9 /* plus@2x.png */,
				487B96A21D17A80F00786DA9 /* tab-charge@2x.png */,
				487B96A31D17A80F00786DA9 /* tab-lock@2x.png */,
				487B96A41D17A80F00786DA9 /* tab-star@2x.png */,
				487B96A51D17A80F00786DA9 /* tab-unlock@2x.png */,
				487B96A61D17A80F00786DA9 /* title@2x.png */,
			);
			path = icons;
			sourceTree = "<group>";
		};
		487B96B41D17A9EE00786DA9 /* Extensions */ = {
			isa = PBXGroup;
			children = (
				48216F311D254CC600720A6B /* DLRadioButton */,
				48B22AD81D1CEE1C00421936 /* View+Extensions */,
				487B96F51D17C11500786DA9 /* UIAddition.h */,
				487B96E01D17C0F200786DA9 /* CoreAddition */,
				487B96BE1D17C0EA00786DA9 /* UIAddition */,
			);
			name = Extensions;
			sourceTree = "<group>";
		};
		487B96BE1D17C0EA00786DA9 /* UIAddition */ = {
			isa = PBXGroup;
			children = (
				487B96C31D17C0EA00786DA9 /* KUIButton.h */,
				487B96C41D17C0EA00786DA9 /* KUIButton.m */,
				487B96CB1D17C0EA00786DA9 /* UIButton+KAddition.h */,
				487B96CC1D17C0EA00786DA9 /* UIButton+KAddition.m */,
				487B96CD1D17C0EA00786DA9 /* UIDevice+Hardware.h */,
				487B96CE1D17C0EA00786DA9 /* UIDevice+Hardware.m */,
				487B96CF1D17C0EA00786DA9 /* UIImage+PL.h */,
				487B96D01D17C0EA00786DA9 /* UIImage+PL.m */,
				487B96D11D17C0EA00786DA9 /* UILabel+KAddition.h */,
				487B96D21D17C0EA00786DA9 /* UILabel+KAddition.m */,
				487B96D31D17C0EA00786DA9 /* UIView+KAddition.h */,
				487B96D41D17C0EA00786DA9 /* UIView+KAddition.m */,
			);
			path = UIAddition;
			sourceTree = "<group>";
		};
		487B96E01D17C0F200786DA9 /* CoreAddition */ = {
			isa = PBXGroup;
			children = (
				487B96E11D17C0F200786DA9 /* NSArray+Additions.h */,
				487B96E21D17C0F200786DA9 /* NSArray+Additions.m */,
				487B96E31D17C0F200786DA9 /* NSData+Additions.h */,
				487B96E41D17C0F200786DA9 /* NSData+Additions.m */,
				487B96E51D17C0F200786DA9 /* NSDate+Utilities.h */,
				487B96E61D17C0F200786DA9 /* NSDate+Utilities.m */,
				487B96E71D17C0F200786DA9 /* NSObject+Additions.h */,
				487B96E81D17C0F200786DA9 /* NSObject+Additions.m */,
				487B96E91D17C0F200786DA9 /* NSString+Additions.h */,
				487B96EA1D17C0F200786DA9 /* NSString+Additions.m */,
				487B96EB1D17C0F200786DA9 /* README.txt */,
				487B96EC1D17C0F200786DA9 /* Swizzle.c */,
				487B96ED1D17C0F200786DA9 /* Swizzle.h */,
			);
			path = CoreAddition;
			sourceTree = "<group>";
		};
		488C64501D23E68100A5D55C /* 短信验证弹窗View */ = {
			isa = PBXGroup;
			children = (
				488C64511D23E6DB00A5D55C /* VerifyCodeView.swift */,
				488C64531D23E6F000A5D55C /* VerifyCodeView.xib */,
			);
			name = "短信验证弹窗View";
			sourceTree = "<group>";
		};
		488C64571D24A88D00A5D55C /* Base */ = {
			isa = PBXGroup;
			children = (
				483248491D141FFA00C4EB9E /* BaseModel.swift */,
				487B96FD1D17E26C00786DA9 /* BaseVC.swift */,
				48216F3D1D260BE000720A6B /* BaseCell.swift */,
			);
			name = Base;
			sourceTree = "<group>";
		};
		488C64581D24CA4600A5D55C /* 订单详情 */ = {
			isa = PBXGroup;
			children = (
				488C64591D24CA5F00A5D55C /* OrderDetailVC.swift */,
			);
			name = "订单详情";
			sourceTree = "<group>";
		};
		488C645B1D24DCA500A5D55C /* 历史订单 */ = {
			isa = PBXGroup;
			children = (
				48ABF2B61D213D1600C16525 /* OrderListVC.swift */,
			);
			name = "历史订单";
			sourceTree = "<group>";
		};
		488C645C1D24DCB000A5D55C /* 个人信息 */ = {
			isa = PBXGroup;
			children = (
				48B22AC81D1BCC2E00421936 /* UserInfoVC.swift */,
			);
			name = "个人信息";
			sourceTree = "<group>";
		};
		488C645D1D24DCBC00A5D55C /* 租车资格验证 */ = {
			isa = PBXGroup;
			children = (
				48B22ACA1D1BCD0600421936 /* QualificationInfoVC.swift */,
			);
			name = "租车资格验证";
			sourceTree = "<group>";
		};
		488C645E1D24DCE600A5D55C /* 分时租赁 */ = {
			isa = PBXGroup;
			children = (
				489DC31D1D1809120061033F /* TimeShareVC.swift */,
			);
			name = "分时租赁";
			sourceTree = "<group>";
		};
		48ABF2B01D212F2A00C16525 /* 订单列表Cell */ = {
			isa = PBXGroup;
			children = (
				48ABF2AE1D212F2500C16525 /* OrderCell.swift */,
				48ABF2B21D212F6F00C16525 /* OrderCell.xib */,
			);
			name = "订单列表Cell";
			sourceTree = "<group>";
		};
		48ABF2B11D212F3800C16525 /* 车辆列表Cell */ = {
			isa = PBXGroup;
			children = (
				48422AFF1D1979FF005A48D6 /* CarCell.swift */,
			);
			name = "车辆列表Cell";
			sourceTree = "<group>";
		};
		48ABF2BA1D222AED00C16525 /* 订单详情View */ = {
			isa = PBXGroup;
			children = (
				48ABF2BB1D222B5A00C16525 /* OrderDetailView.swift */,
				48ABF2BD1D222B7100C16525 /* OrderDetailView.xib */,
			);
			name = "订单详情View";
			sourceTree = "<group>";
		};
		48ABF2BF1D222F5A00C16525 /* 车辆详情View */ = {
			isa = PBXGroup;
			children = (
				48ABF2C01D222F7F00C16525 /* CarDetailView.swift */,
				48ABF2C21D222F8C00C16525 /* CarDetailView.xib */,
			);
			name = "车辆详情View";
			sourceTree = "<group>";
		};
		48ACFDA01D2E531F00341061 /* 车场列表Cell */ = {
			isa = PBXGroup;
			children = (
				48ACFD9E1D2E42CE00341061 /* StoreCell.swift */,
			);
			name = "车场列表Cell";
			sourceTree = "<group>";
		};
		48B22AC41D1BCB6B00421936 /* 首页 */ = {
			isa = PBXGroup;
			children = (
				488C645E1D24DCE600A5D55C /* 分时租赁 */,
				487B96B71D17AB4800786DA9 /* HomeVC.swift */,
				487B96FB1D17E25900786DA9 /* MapVC.swift */,
			);
			name = "首页";
			sourceTree = "<group>";
		};
		48B22AC61D1BCB9000421936 /* 登录页 */ = {
			isa = PBXGroup;
			children = (
				48422B051D1A8FC7005A48D6 /* LoginVC.swift */,
			);
			name = "登录页";
			sourceTree = "<group>";
		};
		48B22AC71D1BCBD000421936 /* 个人中心 */ = {
			isa = PBXGroup;
			children = (
				487B96B51D17AA1700786DA9 /* MenuVC.swift */,
			);
			name = "个人中心";
			sourceTree = "<group>";
		};
		48B22AD81D1CEE1C00421936 /* View+Extensions */ = {
			isa = PBXGroup;
			children = (
				48B22AD41D1CCB7F00421936 /* View.swift */,
				48B22AD61D1CEC1B00421936 /* TextField.swift */,
				48B22ADD1D20E68500421936 /* ImageView.swift */,
				48ABF2B81D22172900C16525 /* Label.swift */,
				488C64551D23E91300A5D55C /* Button.swift */,
			);
			name = "View+Extensions";
			sourceTree = "<group>";
		};
		48B22AD91D1CEE8F00421936 /* 租车身份认证View */ = {
			isa = PBXGroup;
			children = (
				48B22ACE1D1BDB1200421936 /* QualificationView.swift */,
				48B22ACC1D1BCD8800421936 /* QualificationView.xib */,
			);
			name = "租车身份认证View";
			sourceTree = "<group>";
		};
		48B22ADA1D1D2C1C00421936 /* 用户身份VIew */ = {
			isa = PBXGroup;
			children = (
				48B22AD01D1C0E1500421936 /* UserInfoView.swift */,
				48B22AD21D1C0E2700421936 /* UserInfoView.xib */,
			);
			name = "用户身份VIew";
			sourceTree = "<group>";
		};
		48D95B291D2D1F7800197238 /* 底部操作栏Bar */ = {
			isa = PBXGroup;
			children = (
				489DC31F1D180BB40061033F /* ActionBar.swift */,
			);
			name = "底部操作栏Bar";
			sourceTree = "<group>";
		};
		48D95B2A1D2D367E00197238 /* SDK */ = {
			isa = PBXGroup;
			children = (
				48D95B2B1D2D36B500197238 /* AlipaySDK.bundle */,
				48D95B2C1D2D36B600197238 /* AlipaySDK.framework */,
			);
			name = SDK;
			sourceTree = "<group>";
		};
		60F066BC6A03D14F68BA8761 /* Frameworks */ = {
			isa = PBXGroup;
			children = (
				48D95B3D1D2D375E00197238 /* libz.tbd */,
				48D95B3B1D2D375000197238 /* libc++.tbd */,
				48D95B391D2D372C00197238 /* CoreMotion.framework */,
				48D95B371D2D371E00197238 /* CoreGraphics.framework */,
				48D95B351D2D371200197238 /* CoreText.framework */,
				48D95B331D2D370600197238 /* QuartzCore.framework */,
				48D95B311D2D36F900197238 /* CoreTelephony.framework */,
				48D95B2F1D2D36EA00197238 /* SystemConfiguration.framework */,
				E73A4B3FC7616F384B933638 /* Pods.framework */,
			);
			name = Frameworks;
			sourceTree = "<group>";
		};
		CFCFB1D801B4EA8F6181CE19 /* Pods */ = {
			isa = PBXGroup;
			children = (
				2E6BF24CF5E3A97E55781C3F /* Pods.debug.xcconfig */,
				622593F7D1388AA10A6EF420 /* Pods.release.xcconfig */,
			);
			name = Pods;
			sourceTree = "<group>";
		};
/* End PBXGroup section */

/* Begin PBXNativeTarget section */
		483248211D13EF4500C4EB9E /* QuanZai */ = {
			isa = PBXNativeTarget;
			buildConfigurationList = 4832483F1D13EF4600C4EB9E /* Build configuration list for PBXNativeTarget "QuanZai" */;
			buildPhases = (
				438D8905E9E6E89AE31E5916 /* Check Pods Manifest.lock */,
				4832481E1D13EF4500C4EB9E /* Sources */,
				4832481F1D13EF4500C4EB9E /* Frameworks */,
				483248201D13EF4500C4EB9E /* Resources */,
				AE19AA0C0268247A32FCA9EF /* Embed Pods Frameworks */,
				5F5606765423898D387F2353 /* Copy Pods Resources */,
			);
			buildRules = (
			);
			dependencies = (
			);
			name = QuanZai;
			productName = QuanZai;
			productReference = 483248221D13EF4500C4EB9E /* QuanZai.app */;
			productType = "com.apple.product-type.application";
		};
		483248351D13EF4600C4EB9E /* QuanZaiTests */ = {
			isa = PBXNativeTarget;
			buildConfigurationList = 483248421D13EF4600C4EB9E /* Build configuration list for PBXNativeTarget "QuanZaiTests" */;
			buildPhases = (
				483248321D13EF4600C4EB9E /* Sources */,
				483248331D13EF4600C4EB9E /* Frameworks */,
				483248341D13EF4600C4EB9E /* Resources */,
			);
			buildRules = (
			);
			dependencies = (
				483248381D13EF4600C4EB9E /* PBXTargetDependency */,
			);
			name = QuanZaiTests;
			productName = QuanZaiTests;
			productReference = 483248361D13EF4600C4EB9E /* QuanZaiTests.xctest */;
			productType = "com.apple.product-type.bundle.unit-test";
		};
/* End PBXNativeTarget section */

/* Begin PBXProject section */
		4832481A1D13EF4500C4EB9E /* Project object */ = {
			isa = PBXProject;
			attributes = {
				LastSwiftUpdateCheck = 0730;
				LastUpgradeCheck = 0730;
				ORGANIZATIONNAME = "i-chou";
				TargetAttributes = {
					483248211D13EF4500C4EB9E = {
						CreatedOnToolsVersion = 7.3;
						DevelopmentTeam = QJVNV7NGTA;
					};
					483248351D13EF4600C4EB9E = {
						CreatedOnToolsVersion = 7.3;
						TestTargetID = 483248211D13EF4500C4EB9E;
					};
				};
			};
			buildConfigurationList = 4832481D1D13EF4500C4EB9E /* Build configuration list for PBXProject "QuanZai" */;
			compatibilityVersion = "Xcode 3.2";
			developmentRegion = English;
			hasScannedForEncodings = 0;
			knownRegions = (
				en,
				Base,
			);
			mainGroup = 483248191D13EF4500C4EB9E;
			productRefGroup = 483248231D13EF4500C4EB9E /* Products */;
			projectDirPath = "";
			projectRoot = "";
			targets = (
				483248211D13EF4500C4EB9E /* QuanZai */,
				483248351D13EF4600C4EB9E /* QuanZaiTests */,
			);
		};
/* End PBXProject section */

/* Begin PBXResourcesBuildPhase section */
		483248201D13EF4500C4EB9E /* Resources */ = {
			isa = PBXResourcesBuildPhase;
			buildActionMask = 2147483647;
			files = (
				487B96AC1D17A80F00786DA9 /* menu-icon@2x.png in Resources */,
				48422B0A1D1AA1FE005A48D6 /* btn-blue@2x.png in Resources */,
				487B96B01D17A80F00786DA9 /* tab-lock@2x.png in Resources */,
				487B96AF1D17A80F00786DA9 /* tab-charge@2x.png in Resources */,
				48422B081D1A975C005A48D6 /* point@2x.png in Resources */,
				487B96A71D17A80F00786DA9 /* bussiness-car@2x.png in Resources */,
				48ABF2BE1D222B7100C16525 /* OrderDetailView.xib in Resources */,
				48B22ACD1D1BCD8800421936 /* QualificationView.xib in Resources */,
				48216F381D2607DC00720A6B /* PaymentCell.xib in Resources */,
				487B96B21D17A80F00786DA9 /* tab-unlock@2x.png in Resources */,
				487B96A81D17A80F00786DA9 /* car@2x.png in Resources */,
				487B96F31D17C0F200786DA9 /* README.txt in Resources */,
				48422AF71D1958FA005A48D6 /* green-point@2x.png in Resources */,
				48216F251D25390E00720A6B /* WalletView.xib in Resources */,
				487B96B11D17A80F00786DA9 /* tab-star@2x.png in Resources */,
				48B22ABE1D1B9C8100421936 /* login-close-btn@2x.png in Resources */,
				488C64541D23E6F000A5D55C /* VerifyCodeView.xib in Resources */,
				48422AF31D1958FA005A48D6 /* btn-left@2x.png in Resources */,
				48ABF2C31D222F8C00C16525 /* CarDetailView.xib in Resources */,
				487B96A91D17A80F00786DA9 /* close-btn@2x.png in Resources */,
				48216F301D2540C300720A6B /* TopupView.xib in Resources */,
				48ABF2B31D212F6F00C16525 /* OrderCell.xib in Resources */,
				48B22AD31D1C0E2700421936 /* UserInfoView.xib in Resources */,
				48422AF51D1958FA005A48D6 /* btn-right@2x.png in Resources */,
				487B96AD1D17A80F00786DA9 /* plus@2x.png in Resources */,
				48422AFA1D195DBF005A48D6 /* btn-center@2x.png in Resources */,
				48D95B2D1D2D36B700197238 /* AlipaySDK.bundle in Resources */,
				487B96AA1D17A80F00786DA9 /* elec-car@2x.png in Resources */,
				4832482D1D13EF4600C4EB9E /* Assets.xcassets in Resources */,
				48422AF11D1958FA005A48D6 /* blue-point@2x.png in Resources */,
				48422AF41D1958FA005A48D6 /* btn-left2@2x.png in Resources */,
				48D95B231D2B68AB00197238 /* icon_my_location_48px@2x.png in Resources */,
				487B96AB1D17A80F00786DA9 /* luxury-car@2x.png in Resources */,
				48B22AC31D1BA9D000421936 /* btn-white@2x.png in Resources */,
				48B22ADC1D20E4DF00421936 /* avatar@2x.png in Resources */,
				48422AF81D1958FA005A48D6 /* orange-point@2x.png in Resources */,
				487B96B31D17A80F00786DA9 /* title@2x.png in Resources */,
			);
			runOnlyForDeploymentPostprocessing = 0;
		};
		483248341D13EF4600C4EB9E /* Resources */ = {
			isa = PBXResourcesBuildPhase;
			buildActionMask = 2147483647;
			files = (
			);
			runOnlyForDeploymentPostprocessing = 0;
		};
/* End PBXResourcesBuildPhase section */

/* Begin PBXShellScriptBuildPhase section */
		438D8905E9E6E89AE31E5916 /* Check Pods Manifest.lock */ = {
			isa = PBXShellScriptBuildPhase;
			buildActionMask = 2147483647;
			files = (
			);
			inputPaths = (
			);
			name = "Check Pods Manifest.lock";
			outputPaths = (
			);
			runOnlyForDeploymentPostprocessing = 0;
			shellPath = /bin/sh;
			shellScript = "diff \"${PODS_ROOT}/../Podfile.lock\" \"${PODS_ROOT}/Manifest.lock\" > /dev/null\nif [[ $? != 0 ]] ; then\n    cat << EOM\nerror: The sandbox is not in sync with the Podfile.lock. Run 'pod install' or update your CocoaPods installation.\nEOM\n    exit 1\nfi\n";
			showEnvVarsInLog = 0;
		};
		5F5606765423898D387F2353 /* Copy Pods Resources */ = {
			isa = PBXShellScriptBuildPhase;
			buildActionMask = 2147483647;
			files = (
			);
			inputPaths = (
			);
			name = "Copy Pods Resources";
			outputPaths = (
			);
			runOnlyForDeploymentPostprocessing = 0;
			shellPath = /bin/sh;
			shellScript = "\"${SRCROOT}/Pods/Target Support Files/Pods/Pods-resources.sh\"\n";
			showEnvVarsInLog = 0;
		};
		AE19AA0C0268247A32FCA9EF /* Embed Pods Frameworks */ = {
			isa = PBXShellScriptBuildPhase;
			buildActionMask = 2147483647;
			files = (
			);
			inputPaths = (
			);
			name = "Embed Pods Frameworks";
			outputPaths = (
			);
			runOnlyForDeploymentPostprocessing = 0;
			shellPath = /bin/sh;
			shellScript = "\"${SRCROOT}/Pods/Target Support Files/Pods/Pods-frameworks.sh\"\n";
			showEnvVarsInLog = 0;
		};
/* End PBXShellScriptBuildPhase section */

/* Begin PBXSourcesBuildPhase section */
		4832481E1D13EF4500C4EB9E /* Sources */ = {
			isa = PBXSourcesBuildPhase;
			buildActionMask = 2147483647;
			files = (
				48B22ACF1D1BDB1200421936 /* QualificationView.swift in Sources */,
				487B96DC1D17C0EA00786DA9 /* UIDevice+Hardware.m in Sources */,
				48ABF2B71D213D1600C16525 /* OrderListVC.swift in Sources */,
				489DC3201D180BB40061033F /* ActionBar.swift in Sources */,
				48B22ACB1D1BCD0600421936 /* QualificationInfoVC.swift in Sources */,
				487B96F41D17C0F200786DA9 /* Swizzle.c in Sources */,
				48216F3A1D2607F000720A6B /* PaymentCell.swift in Sources */,
				488C645A1D24CA5F00A5D55C /* OrderDetailVC.swift in Sources */,
				487B96EF1D17C0F200786DA9 /* NSData+Additions.m in Sources */,
				48ACFD9D1D2E234D00341061 /* PriceModel.swift in Sources */,
				48245FF81D22BBFA00D930A4 /* CarDetailVC.swift in Sources */,
				487B96D71D17C0EA00786DA9 /* KUIButton.m in Sources */,
				487B96F11D17C0F200786DA9 /* NSObject+Additions.m in Sources */,
				48ABF2BC1D222B5A00C16525 /* OrderDetailView.swift in Sources */,
				48ABF2AF1D212F2500C16525 /* OrderCell.swift in Sources */,
				487B96B81D17AB4800786DA9 /* HomeVC.swift in Sources */,
				483248261D13EF4600C4EB9E /* AppDelegate.swift in Sources */,
				48D95B201D2A8B1700197238 /* CarModel.swift in Sources */,
				489DC3221D18D45A0061033F /* UserModel.swift in Sources */,
				4832484A1D141FFB00C4EB9E /* BaseModel.swift in Sources */,
				48B22AD51D1CCB7F00421936 /* View.swift in Sources */,
				48D95B251D2BB3D400197238 /* CarStoreModel.swift in Sources */,
				48216F231D2538E800720A6B /* WalletVC.swift in Sources */,
				48ABF2C11D222F7F00C16525 /* CarDetailView.swift in Sources */,
				487B96BA1D17B49E00786DA9 /* swiftFastCode.swift in Sources */,
				487B96FC1D17E25900786DA9 /* MapVC.swift in Sources */,
				48B22AD71D1CEC1B00421936 /* TextField.swift in Sources */,
				487B96F01D17C0F200786DA9 /* NSDate+Utilities.m in Sources */,
				48B22AD11D1C0E1600421936 /* UserInfoView.swift in Sources */,
				48422B061D1A8FC8005A48D6 /* LoginVC.swift in Sources */,
				488C64561D23E91300A5D55C /* Button.swift in Sources */,
				483248471D13F29A00C4EB9E /* APIClient.swift in Sources */,
				488C64521D23E6DB00A5D55C /* VerifyCodeView.swift in Sources */,
				487B96B61D17AA1700786DA9 /* MenuVC.swift in Sources */,
				48216F341D254CC600720A6B /* DLRadioButton.m in Sources */,
				48422AE41D192478005A48D6 /* ServiceAPI.swift in Sources */,
				489DC31E1D1809120061033F /* TimeShareVC.swift in Sources */,
				48B22AC91D1BCC2E00421936 /* UserInfoVC.swift in Sources */,
				487B96DE1D17C0EA00786DA9 /* UILabel+KAddition.m in Sources */,
				487B96DB1D17C0EA00786DA9 /* UIButton+KAddition.m in Sources */,
				48B22ADE1D20E68500421936 /* ImageView.swift in Sources */,
				48216F3E1D260BE000720A6B /* BaseCell.swift in Sources */,
				487B96FE1D17E26C00786DA9 /* BaseVC.swift in Sources */,
				48ACFD9B1D2E22DC00341061 /* DateTypeModel.swift in Sources */,
				487B96DF1D17C0EA00786DA9 /* UIView+KAddition.m in Sources */,
				48216F2C1D2540A600720A6B /* TopupVC.swift in Sources */,
				48ACFD9F1D2E42CE00341061 /* StoreCell.swift in Sources */,
				48422AE61D1924F4005A48D6 /* Router.swift in Sources */,
				487B96F21D17C0F200786DA9 /* NSString+Additions.m in Sources */,
				48216F3C1D26080300720A6B /* PaymentListVC.swift in Sources */,
				48422B001D1979FF005A48D6 /* CarCell.swift in Sources */,
				48ACFDA21D2F410200341061 /* UserValidateInfoModel.swift in Sources */,
				487B96DD1D17C0EA00786DA9 /* UIImage+PL.m in Sources */,
				48ACFDA41D2F573F00341061 /* Validate.swift in Sources */,
				48ABF2B91D22172900C16525 /* Label.swift in Sources */,
				487B96EE1D17C0F200786DA9 /* NSArray+Additions.m in Sources */,
				48216F281D25396200720A6B /* WalletView.swift in Sources */,
				48216F2E1D2540B800720A6B /* TopupView.swift in Sources */,
			);
			runOnlyForDeploymentPostprocessing = 0;
		};
		483248321D13EF4600C4EB9E /* Sources */ = {
			isa = PBXSourcesBuildPhase;
			buildActionMask = 2147483647;
			files = (
				4832483B1D13EF4600C4EB9E /* QuanZaiTests.swift in Sources */,
				483248481D13F29A00C4EB9E /* APIClient.swift in Sources */,
			);
			runOnlyForDeploymentPostprocessing = 0;
		};
/* End PBXSourcesBuildPhase section */

/* Begin PBXTargetDependency section */
		483248381D13EF4600C4EB9E /* PBXTargetDependency */ = {
			isa = PBXTargetDependency;
			target = 483248211D13EF4500C4EB9E /* QuanZai */;
			targetProxy = 483248371D13EF4600C4EB9E /* PBXContainerItemProxy */;
		};
/* End PBXTargetDependency section */

/* Begin XCBuildConfiguration section */
		4832483D1D13EF4600C4EB9E /* Debug */ = {
			isa = XCBuildConfiguration;
			buildSettings = {
				ALWAYS_SEARCH_USER_PATHS = NO;
				CLANG_ANALYZER_NONNULL = YES;
				CLANG_CXX_LANGUAGE_STANDARD = "gnu++0x";
				CLANG_CXX_LIBRARY = "libc++";
				CLANG_ENABLE_MODULES = YES;
				CLANG_ENABLE_OBJC_ARC = YES;
				CLANG_WARN_BOOL_CONVERSION = YES;
				CLANG_WARN_CONSTANT_CONVERSION = YES;
				CLANG_WARN_DIRECT_OBJC_ISA_USAGE = YES_ERROR;
				CLANG_WARN_EMPTY_BODY = YES;
				CLANG_WARN_ENUM_CONVERSION = YES;
				CLANG_WARN_INT_CONVERSION = YES;
				CLANG_WARN_OBJC_ROOT_CLASS = YES_ERROR;
				CLANG_WARN_UNREACHABLE_CODE = YES;
				CLANG_WARN__DUPLICATE_METHOD_MATCH = YES;
				"CODE_SIGN_IDENTITY[sdk=iphoneos*]" = "iPhone Developer";
				COPY_PHASE_STRIP = NO;
				DEBUG_INFORMATION_FORMAT = dwarf;
				ENABLE_STRICT_OBJC_MSGSEND = YES;
				ENABLE_TESTABILITY = YES;
				GCC_C_LANGUAGE_STANDARD = gnu99;
				GCC_DYNAMIC_NO_PIC = NO;
				GCC_NO_COMMON_BLOCKS = YES;
				GCC_OPTIMIZATION_LEVEL = 0;
				GCC_PREPROCESSOR_DEFINITIONS = (
					"DEBUG=1",
					"$(inherited)",
				);
				GCC_WARN_64_TO_32_BIT_CONVERSION = YES;
				GCC_WARN_ABOUT_RETURN_TYPE = YES_ERROR;
				GCC_WARN_UNDECLARED_SELECTOR = YES;
				GCC_WARN_UNINITIALIZED_AUTOS = YES_AGGRESSIVE;
				GCC_WARN_UNUSED_FUNCTION = YES;
				GCC_WARN_UNUSED_VARIABLE = YES;
				IPHONEOS_DEPLOYMENT_TARGET = 9.3;
				MTL_ENABLE_DEBUG_INFO = YES;
				ONLY_ACTIVE_ARCH = YES;
				SDKROOT = iphoneos;
				SWIFT_OPTIMIZATION_LEVEL = "-Onone";
			};
			name = Debug;
		};
		4832483E1D13EF4600C4EB9E /* Release */ = {
			isa = XCBuildConfiguration;
			buildSettings = {
				ALWAYS_SEARCH_USER_PATHS = NO;
				CLANG_ANALYZER_NONNULL = YES;
				CLANG_CXX_LANGUAGE_STANDARD = "gnu++0x";
				CLANG_CXX_LIBRARY = "libc++";
				CLANG_ENABLE_MODULES = YES;
				CLANG_ENABLE_OBJC_ARC = YES;
				CLANG_WARN_BOOL_CONVERSION = YES;
				CLANG_WARN_CONSTANT_CONVERSION = YES;
				CLANG_WARN_DIRECT_OBJC_ISA_USAGE = YES_ERROR;
				CLANG_WARN_EMPTY_BODY = YES;
				CLANG_WARN_ENUM_CONVERSION = YES;
				CLANG_WARN_INT_CONVERSION = YES;
				CLANG_WARN_OBJC_ROOT_CLASS = YES_ERROR;
				CLANG_WARN_UNREACHABLE_CODE = YES;
				CLANG_WARN__DUPLICATE_METHOD_MATCH = YES;
				"CODE_SIGN_IDENTITY[sdk=iphoneos*]" = "iPhone Developer";
				COPY_PHASE_STRIP = NO;
				DEBUG_INFORMATION_FORMAT = "dwarf-with-dsym";
				ENABLE_NS_ASSERTIONS = NO;
				ENABLE_STRICT_OBJC_MSGSEND = YES;
				GCC_C_LANGUAGE_STANDARD = gnu99;
				GCC_NO_COMMON_BLOCKS = YES;
				GCC_WARN_64_TO_32_BIT_CONVERSION = YES;
				GCC_WARN_ABOUT_RETURN_TYPE = YES_ERROR;
				GCC_WARN_UNDECLARED_SELECTOR = YES;
				GCC_WARN_UNINITIALIZED_AUTOS = YES_AGGRESSIVE;
				GCC_WARN_UNUSED_FUNCTION = YES;
				GCC_WARN_UNUSED_VARIABLE = YES;
				IPHONEOS_DEPLOYMENT_TARGET = 9.3;
				MTL_ENABLE_DEBUG_INFO = NO;
				SDKROOT = iphoneos;
				VALIDATE_PRODUCT = YES;
			};
			name = Release;
		};
		483248401D13EF4600C4EB9E /* Debug */ = {
			isa = XCBuildConfiguration;
			baseConfigurationReference = 2E6BF24CF5E3A97E55781C3F /* Pods.debug.xcconfig */;
			buildSettings = {
				ASSETCATALOG_COMPILER_APPICON_NAME = AppIcon;
				ASSETCATALOG_COMPILER_LAUNCHIMAGE_NAME = LaunchImage;
				CODE_SIGN_IDENTITY = "iPhone Developer";
				FRAMEWORK_SEARCH_PATHS = (
					"$(inherited)",
					"$(PROJECT_DIR)/QuanZai",
				);
				GCC_PRECOMPILE_PREFIX_HEADER = YES;
				GCC_PREFIX_HEADER = "QuanZai/QuanZai-Prefix.pch";
				INFOPLIST_FILE = QuanZai/Info.plist;
				IPHONEOS_DEPLOYMENT_TARGET = 8.1;
				LD_RUNPATH_SEARCH_PATHS = "$(inherited) @executable_path/Frameworks";
				PRODUCT_BUNDLE_IDENTIFIER = "com.i-chou.QuanZai";
				PRODUCT_NAME = "$(TARGET_NAME)";
				SWIFT_OBJC_BRIDGING_HEADER = "QuanZai/QuanZai-Bridging-Header.h";
				WARNING_CFLAGS = "";
			};
			name = Debug;
		};
		483248411D13EF4600C4EB9E /* Release */ = {
			isa = XCBuildConfiguration;
			baseConfigurationReference = 622593F7D1388AA10A6EF420 /* Pods.release.xcconfig */;
			buildSettings = {
				ASSETCATALOG_COMPILER_APPICON_NAME = AppIcon;
				ASSETCATALOG_COMPILER_LAUNCHIMAGE_NAME = LaunchImage;
				CODE_SIGN_IDENTITY = "iPhone Developer";
				FRAMEWORK_SEARCH_PATHS = (
					"$(inherited)",
					"$(PROJECT_DIR)/QuanZai",
				);
				GCC_PRECOMPILE_PREFIX_HEADER = YES;
				GCC_PREFIX_HEADER = "QuanZai/QuanZai-Prefix.pch";
				INFOPLIST_FILE = QuanZai/Info.plist;
				IPHONEOS_DEPLOYMENT_TARGET = 8.1;
				LD_RUNPATH_SEARCH_PATHS = "$(inherited) @executable_path/Frameworks";
				PRODUCT_BUNDLE_IDENTIFIER = "com.i-chou.QuanZai";
				PRODUCT_NAME = "$(TARGET_NAME)";
				SWIFT_OBJC_BRIDGING_HEADER = "QuanZai/QuanZai-Bridging-Header.h";
				WARNING_CFLAGS = "";
			};
			name = Release;
		};
		483248431D13EF4600C4EB9E /* Debug */ = {
			isa = XCBuildConfiguration;
			buildSettings = {
				BUNDLE_LOADER = "$(TEST_HOST)";
				INFOPLIST_FILE = QuanZaiTests/Info.plist;
				LD_RUNPATH_SEARCH_PATHS = "$(inherited) @executable_path/Frameworks @loader_path/Frameworks";
				PRODUCT_BUNDLE_IDENTIFIER = "com.i-chou.QuanZaiTests";
				PRODUCT_NAME = "$(TARGET_NAME)";
				TEST_HOST = "$(BUILT_PRODUCTS_DIR)/QuanZai.app/QuanZai";
			};
			name = Debug;
		};
		483248441D13EF4600C4EB9E /* Release */ = {
			isa = XCBuildConfiguration;
			buildSettings = {
				BUNDLE_LOADER = "$(TEST_HOST)";
				INFOPLIST_FILE = QuanZaiTests/Info.plist;
				LD_RUNPATH_SEARCH_PATHS = "$(inherited) @executable_path/Frameworks @loader_path/Frameworks";
				PRODUCT_BUNDLE_IDENTIFIER = "com.i-chou.QuanZaiTests";
				PRODUCT_NAME = "$(TARGET_NAME)";
				TEST_HOST = "$(BUILT_PRODUCTS_DIR)/QuanZai.app/QuanZai";
			};
			name = Release;
		};
/* End XCBuildConfiguration section */

/* Begin XCConfigurationList section */
		4832481D1D13EF4500C4EB9E /* Build configuration list for PBXProject "QuanZai" */ = {
			isa = XCConfigurationList;
			buildConfigurations = (
				4832483D1D13EF4600C4EB9E /* Debug */,
				4832483E1D13EF4600C4EB9E /* Release */,
			);
			defaultConfigurationIsVisible = 0;
			defaultConfigurationName = Release;
		};
		4832483F1D13EF4600C4EB9E /* Build configuration list for PBXNativeTarget "QuanZai" */ = {
			isa = XCConfigurationList;
			buildConfigurations = (
				483248401D13EF4600C4EB9E /* Debug */,
				483248411D13EF4600C4EB9E /* Release */,
			);
			defaultConfigurationIsVisible = 0;
			defaultConfigurationName = Release;
		};
		483248421D13EF4600C4EB9E /* Build configuration list for PBXNativeTarget "QuanZaiTests" */ = {
			isa = XCConfigurationList;
			buildConfigurations = (
				483248431D13EF4600C4EB9E /* Debug */,
				483248441D13EF4600C4EB9E /* Release */,
			);
			defaultConfigurationIsVisible = 0;
			defaultConfigurationName = Release;
		};
/* End XCConfigurationList section */
	};
	rootObject = 4832481A1D13EF4500C4EB9E /* Project object */;
}
